// !$*UTF8*$!
{
	archiveVersion = 1;
	classes = {
	};
	objectVersion = 46;
	objects = {

/* Begin PBXBuildFile section */
		0A33673C90835CF9856BA2E4 /* Pods_iOSProjectUITests.framework in Frameworks */ = {isa = PBXBuildFile; fileRef = 6B6C2DE897A6411449BBD13E /* Pods_iOSProjectUITests.framework */; };
		96D7812F6FC082E9FE75CE93 /* Pods_iOSProjectTests.framework in Frameworks */ = {isa = PBXBuildFile; fileRef = 769F860BC94E902E55B0DF20 /* Pods_iOSProjectTests.framework */; };
		A1459258048CBBC8538F4886 /* Pods_iOSProject.framework in Frameworks */ = {isa = PBXBuildFile; fileRef = 0817F3940856315FA7634C3A /* Pods_iOSProject.framework */; };
		C2FDA7941E3277FB009E6269 /* AppDelegate.swift in Sources */ = {isa = PBXBuildFile; fileRef = C2FDA7931E3277FB009E6269 /* AppDelegate.swift */; };
		C2FDA79B1E3277FB009E6269 /* Assets.xcassets in Resources */ = {isa = PBXBuildFile; fileRef = C2FDA79A1E3277FB009E6269 /* Assets.xcassets */; };
		C2FDA79E1E3277FB009E6269 /* LaunchScreen.storyboard in Resources */ = {isa = PBXBuildFile; fileRef = C2FDA79C1E3277FB009E6269 /* LaunchScreen.storyboard */; };
		C2FDA7C91E327E11009E6269 /* Item.swift in Sources */ = {isa = PBXBuildFile; fileRef = C2FDA7C81E327E11009E6269 /* Item.swift */; };
		C2FDA7CB1E327E1E009E6269 /* User.swift in Sources */ = {isa = PBXBuildFile; fileRef = C2FDA7CA1E327E1E009E6269 /* User.swift */; };
		C2FDA7CD1E327E53009E6269 /* LoginViewController.swift in Sources */ = {isa = PBXBuildFile; fileRef = C2FDA7CC1E327E53009E6269 /* LoginViewController.swift */; };
		C2FDA7CF1E327E6B009E6269 /* ListTableViewController.swift in Sources */ = {isa = PBXBuildFile; fileRef = C2FDA7CE1E327E6B009E6269 /* ListTableViewController.swift */; };
		C2FDA7D11E327E7F009E6269 /* UsersTableViewController.swift in Sources */ = {isa = PBXBuildFile; fileRef = C2FDA7D01E327E7F009E6269 /* UsersTableViewController.swift */; };
		C2FDA7D41E328016009E6269 /* Main.storyboard in Resources */ = {isa = PBXBuildFile; fileRef = C2FDA7D61E328016009E6269 /* Main.storyboard */; };
		C2FDA7D91E329150009E6269 /* GoogleService-Info.plist in Resources */ = {isa = PBXBuildFile; fileRef = C2FDA7D81E329150009E6269 /* GoogleService-Info.plist */; };
/* End PBXBuildFile section */

/* Begin PBXContainerItemProxy section */
		C2FDA7A51E3277FB009E6269 /* PBXContainerItemProxy */ = {
			isa = PBXContainerItemProxy;
			containerPortal = C2FDA7881E3277FB009E6269 /* Project object */;
			proxyType = 1;
			remoteGlobalIDString = C2FDA78F1E3277FB009E6269;
			remoteInfo = iOSProject;
		};
		C2FDA7B01E3277FB009E6269 /* PBXContainerItemProxy */ = {
			isa = PBXContainerItemProxy;
			containerPortal = C2FDA7881E3277FB009E6269 /* Project object */;
			proxyType = 1;
			remoteGlobalIDString = C2FDA78F1E3277FB009E6269;
			remoteInfo = iOSProject;
		};
/* End PBXContainerItemProxy section */

/* Begin PBXFileReference section */
		0817F3940856315FA7634C3A /* Pods_iOSProject.framework */ = {isa = PBXFileReference; explicitFileType = wrapper.framework; includeInIndex = 0; path = Pods_iOSProject.framework; sourceTree = BUILT_PRODUCTS_DIR; };
		22FA6D3726BFB401556009F3 /* Pods-iOSProjectTests.debug.xcconfig */ = {isa = PBXFileReference; includeInIndex = 1; lastKnownFileType = text.xcconfig; name = "Pods-iOSProjectTests.debug.xcconfig"; path = "Pods/Target Support Files/Pods-iOSProjectTests/Pods-iOSProjectTests.debug.xcconfig"; sourceTree = "<group>"; };
		2E3CD7A63418D40A11D31F7E /* Pods-iOSProject.release.xcconfig */ = {isa = PBXFileReference; includeInIndex = 1; lastKnownFileType = text.xcconfig; name = "Pods-iOSProject.release.xcconfig"; path = "Pods/Target Support Files/Pods-iOSProject/Pods-iOSProject.release.xcconfig"; sourceTree = "<group>"; };
		6B6C2DE897A6411449BBD13E /* Pods_iOSProjectUITests.framework */ = {isa = PBXFileReference; explicitFileType = wrapper.framework; includeInIndex = 0; path = Pods_iOSProjectUITests.framework; sourceTree = BUILT_PRODUCTS_DIR; };
		769F860BC94E902E55B0DF20 /* Pods_iOSProjectTests.framework */ = {isa = PBXFileReference; explicitFileType = wrapper.framework; includeInIndex = 0; path = Pods_iOSProjectTests.framework; sourceTree = BUILT_PRODUCTS_DIR; };
		AB857439BB6083AA29AC839A /* Pods-iOSProject.debug.xcconfig */ = {isa = PBXFileReference; includeInIndex = 1; lastKnownFileType = text.xcconfig; name = "Pods-iOSProject.debug.xcconfig"; path = "Pods/Target Support Files/Pods-iOSProject/Pods-iOSProject.debug.xcconfig"; sourceTree = "<group>"; };
		AFBDA21576F48D32F82E259C /* Pods-iOSProjectUITests.release.xcconfig */ = {isa = PBXFileReference; includeInIndex = 1; lastKnownFileType = text.xcconfig; name = "Pods-iOSProjectUITests.release.xcconfig"; path = "Pods/Target Support Files/Pods-iOSProjectUITests/Pods-iOSProjectUITests.release.xcconfig"; sourceTree = "<group>"; };
		C244543BBB74B5C4ACC68241 /* Pods-iOSProjectUITests.debug.xcconfig */ = {isa = PBXFileReference; includeInIndex = 1; lastKnownFileType = text.xcconfig; name = "Pods-iOSProjectUITests.debug.xcconfig"; path = "Pods/Target Support Files/Pods-iOSProjectUITests/Pods-iOSProjectUITests.debug.xcconfig"; sourceTree = "<group>"; };
		C2FDA7901E3277FB009E6269 /* iOSProject.app */ = {isa = PBXFileReference; explicitFileType = wrapper.application; includeInIndex = 0; path = iOSProject.app; sourceTree = BUILT_PRODUCTS_DIR; };
		C2FDA7931E3277FB009E6269 /* AppDelegate.swift */ = {isa = PBXFileReference; lastKnownFileType = sourcecode.swift; path = AppDelegate.swift; sourceTree = "<group>"; };
		C2FDA79A1E3277FB009E6269 /* Assets.xcassets */ = {isa = PBXFileReference; lastKnownFileType = folder.assetcatalog; path = Assets.xcassets; sourceTree = "<group>"; };
		C2FDA79D1E3277FB009E6269 /* Base */ = {isa = PBXFileReference; lastKnownFileType = file.storyboard; name = Base; path = Base.lproj/LaunchScreen.storyboard; sourceTree = "<group>"; };
		C2FDA79F1E3277FB009E6269 /* Info.plist */ = {isa = PBXFileReference; lastKnownFileType = text.plist.xml; path = Info.plist; sourceTree = "<group>"; };
		C2FDA7A41E3277FB009E6269 /* iOSProjectTests.xctest */ = {isa = PBXFileReference; explicitFileType = wrapper.cfbundle; includeInIndex = 0; path = iOSProjectTests.xctest; sourceTree = BUILT_PRODUCTS_DIR; };
		C2FDA7AF1E3277FB009E6269 /* iOSProjectUITests.xctest */ = {isa = PBXFileReference; explicitFileType = wrapper.cfbundle; includeInIndex = 0; path = iOSProjectUITests.xctest; sourceTree = BUILT_PRODUCTS_DIR; };
		C2FDA7C81E327E11009E6269 /* Item.swift */ = {isa = PBXFileReference; fileEncoding = 4; lastKnownFileType = sourcecode.swift; path = Item.swift; sourceTree = "<group>"; };
		C2FDA7CA1E327E1E009E6269 /* User.swift */ = {isa = PBXFileReference; fileEncoding = 4; lastKnownFileType = sourcecode.swift; path = User.swift; sourceTree = "<group>"; };
		C2FDA7CC1E327E53009E6269 /* LoginViewController.swift */ = {isa = PBXFileReference; fileEncoding = 4; lastKnownFileType = sourcecode.swift; path = LoginViewController.swift; sourceTree = "<group>"; };
		C2FDA7CE1E327E6B009E6269 /* ListTableViewController.swift */ = {isa = PBXFileReference; fileEncoding = 4; lastKnownFileType = sourcecode.swift; path = ListTableViewController.swift; sourceTree = "<group>"; };
		C2FDA7D01E327E7F009E6269 /* UsersTableViewController.swift */ = {isa = PBXFileReference; fileEncoding = 4; lastKnownFileType = sourcecode.swift; path = UsersTableViewController.swift; sourceTree = "<group>"; };
		C2FDA7D51E328016009E6269 /* Base */ = {isa = PBXFileReference; lastKnownFileType = file.storyboard; name = Base; path = Base.lproj/Main.storyboard; sourceTree = "<group>"; };
		C2FDA7D71E328892009E6269 /* iOSProject.entitlements */ = {isa = PBXFileReference; lastKnownFileType = text.plist.entitlements; path = iOSProject.entitlements; sourceTree = "<group>"; };
		C2FDA7D81E329150009E6269 /* GoogleService-Info.plist */ = {isa = PBXFileReference; fileEncoding = 4; lastKnownFileType = text.plist.xml; path = "GoogleService-Info.plist"; sourceTree = "<group>"; };
		CB838FAD947D466EFD8DB30D /* Pods-iOSProjectTests.release.xcconfig */ = {isa = PBXFileReference; includeInIndex = 1; lastKnownFileType = text.xcconfig; name = "Pods-iOSProjectTests.release.xcconfig"; path = "Pods/Target Support Files/Pods-iOSProjectTests/Pods-iOSProjectTests.release.xcconfig"; sourceTree = "<group>"; };
/* End PBXFileReference section */

/* Begin PBXFrameworksBuildPhase section */
		C2FDA78D1E3277FB009E6269 /* Frameworks */ = {
			isa = PBXFrameworksBuildPhase;
			buildActionMask = 2147483647;
			files = (
				A1459258048CBBC8538F4886 /* Pods_iOSProject.framework in Frameworks */,
			);
			runOnlyForDeploymentPostprocessing = 0;
		};
		C2FDA7A11E3277FB009E6269 /* Frameworks */ = {
			isa = PBXFrameworksBuildPhase;
			buildActionMask = 2147483647;
			files = (
				96D7812F6FC082E9FE75CE93 /* Pods_iOSProjectTests.framework in Frameworks */,
			);
			runOnlyForDeploymentPostprocessing = 0;
		};
		C2FDA7AC1E3277FB009E6269 /* Frameworks */ = {
			isa = PBXFrameworksBuildPhase;
			buildActionMask = 2147483647;
			files = (
				0A33673C90835CF9856BA2E4 /* Pods_iOSProjectUITests.framework in Frameworks */,
			);
			runOnlyForDeploymentPostprocessing = 0;
		};
/* End PBXFrameworksBuildPhase section */

/* Begin PBXGroup section */
		1A11B9A67F9D371637F63A97 /* Pods */ = {
			isa = PBXGroup;
			children = (
				AB857439BB6083AA29AC839A /* Pods-iOSProject.debug.xcconfig */,
				2E3CD7A63418D40A11D31F7E /* Pods-iOSProject.release.xcconfig */,
				22FA6D3726BFB401556009F3 /* Pods-iOSProjectTests.debug.xcconfig */,
				CB838FAD947D466EFD8DB30D /* Pods-iOSProjectTests.release.xcconfig */,
				C244543BBB74B5C4ACC68241 /* Pods-iOSProjectUITests.debug.xcconfig */,
				AFBDA21576F48D32F82E259C /* Pods-iOSProjectUITests.release.xcconfig */,
			);
			name = Pods;
			sourceTree = "<group>";
		};
		A666B24883275060924A9997 /* Frameworks */ = {
			isa = PBXGroup;
			children = (
				0817F3940856315FA7634C3A /* Pods_iOSProject.framework */,
				769F860BC94E902E55B0DF20 /* Pods_iOSProjectTests.framework */,
				6B6C2DE897A6411449BBD13E /* Pods_iOSProjectUITests.framework */,
			);
			name = Frameworks;
			sourceTree = "<group>";
		};
		C2FDA7871E3277FB009E6269 = {
			isa = PBXGroup;
			children = (
				C2FDA7921E3277FB009E6269 /* iOSProject */,
				C2FDA7911E3277FB009E6269 /* Products */,
				1A11B9A67F9D371637F63A97 /* Pods */,
				A666B24883275060924A9997 /* Frameworks */,
			);
			sourceTree = "<group>";
		};
		C2FDA7911E3277FB009E6269 /* Products */ = {
			isa = PBXGroup;
			children = (
				C2FDA7901E3277FB009E6269 /* iOSProject.app */,
				C2FDA7A41E3277FB009E6269 /* iOSProjectTests.xctest */,
				C2FDA7AF1E3277FB009E6269 /* iOSProjectUITests.xctest */,
			);
			name = Products;
			sourceTree = "<group>";
		};
		C2FDA7921E3277FB009E6269 /* iOSProject */ = {
			isa = PBXGroup;
			children = (
				C2FDA7D71E328892009E6269 /* iOSProject.entitlements */,
				C2FDA7C31E327833009E6269 /* Layouts */,
				C2FDA7C21E32781B009E6269 /* Controllers */,
				C2FDA7C11E327811009E6269 /* Models */,
				C2FDA7C41E32783D009E6269 /* Others */,
				C2FDA7C51E327843009E6269 /* Supporting Files */,
				C2FDA79A1E3277FB009E6269 /* Assets.xcassets */,
			);
			path = iOSProject;
			sourceTree = "<group>";
		};
		C2FDA7C11E327811009E6269 /* Models */ = {
			isa = PBXGroup;
			children = (
				C2FDA7C81E327E11009E6269 /* Item.swift */,
				C2FDA7CA1E327E1E009E6269 /* User.swift */,
			);
			name = Models;
			sourceTree = "<group>";
		};
		C2FDA7C21E32781B009E6269 /* Controllers */ = {
			isa = PBXGroup;
			children = (
				C2FDA7CC1E327E53009E6269 /* LoginViewController.swift */,
				C2FDA7CE1E327E6B009E6269 /* ListTableViewController.swift */,
				C2FDA7D01E327E7F009E6269 /* UsersTableViewController.swift */,
			);
			name = Controllers;
			sourceTree = "<group>";
		};
		C2FDA7C31E327833009E6269 /* Layouts */ = {
			isa = PBXGroup;
			children = (
				C2FDA7D61E328016009E6269 /* Main.storyboard */,
				C2FDA79C1E3277FB009E6269 /* LaunchScreen.storyboard */,
			);
			name = Layouts;
			sourceTree = "<group>";
		};
		C2FDA7C41E32783D009E6269 /* Others */ = {
			isa = PBXGroup;
			children = (
				C2FDA7931E3277FB009E6269 /* AppDelegate.swift */,
			);
			name = Others;
			sourceTree = "<group>";
		};
		C2FDA7C51E327843009E6269 /* Supporting Files */ = {
			isa = PBXGroup;
			children = (
				C2FDA7D81E329150009E6269 /* GoogleService-Info.plist */,
				C2FDA79F1E3277FB009E6269 /* Info.plist */,
			);
			name = "Supporting Files";
			sourceTree = "<group>";
		};
/* End PBXGroup section */

/* Begin PBXNativeTarget section */
		C2FDA78F1E3277FB009E6269 /* iOSProject */ = {
			isa = PBXNativeTarget;
			buildConfigurationList = C2FDA7B81E3277FB009E6269 /* Build configuration list for PBXNativeTarget "iOSProject" */;
			buildPhases = (
				D9EA6848EE2D166FDA133E55 /* [CP] Check Pods Manifest.lock */,
				C2FDA78C1E3277FB009E6269 /* Sources */,
				C2FDA78D1E3277FB009E6269 /* Frameworks */,
				C2FDA78E1E3277FB009E6269 /* Resources */,
				4650E99B251D1AF4790F6CCC /* [CP] Embed Pods Frameworks */,
				CFFEBF58FD290F96539B5B9A /* [CP] Copy Pods Resources */,
			);
			buildRules = (
			);
			dependencies = (
			);
			name = iOSProject;
			productName = iOSProject;
			productReference = C2FDA7901E3277FB009E6269 /* iOSProject.app */;
			productType = "com.apple.product-type.application";
		};
		C2FDA7A31E3277FB009E6269 /* iOSProjectTests */ = {
			isa = PBXNativeTarget;
			buildConfigurationList = C2FDA7BB1E3277FB009E6269 /* Build configuration list for PBXNativeTarget "iOSProjectTests" */;
			buildPhases = (
				B64BA8533009240ED01F2A58 /* [CP] Check Pods Manifest.lock */,
				C2FDA7A01E3277FB009E6269 /* Sources */,
				C2FDA7A11E3277FB009E6269 /* Frameworks */,
				C2FDA7A21E3277FB009E6269 /* Resources */,
				8170FD51C169C0888DFFCDEE /* [CP] Embed Pods Frameworks */,
				40BAF9F1074301B42A8D8DEF /* [CP] Copy Pods Resources */,
			);
			buildRules = (
			);
			dependencies = (
				C2FDA7A61E3277FB009E6269 /* PBXTargetDependency */,
			);
			name = iOSProjectTests;
			productName = iOSProjectTests;
			productReference = C2FDA7A41E3277FB009E6269 /* iOSProjectTests.xctest */;
			productType = "com.apple.product-type.bundle.unit-test";
		};
		C2FDA7AE1E3277FB009E6269 /* iOSProjectUITests */ = {
			isa = PBXNativeTarget;
			buildConfigurationList = C2FDA7BE1E3277FB009E6269 /* Build configuration list for PBXNativeTarget "iOSProjectUITests" */;
			buildPhases = (
				0E4C0B0742A3AAA6E932CFB0 /* [CP] Check Pods Manifest.lock */,
				C2FDA7AB1E3277FB009E6269 /* Sources */,
				C2FDA7AC1E3277FB009E6269 /* Frameworks */,
				C2FDA7AD1E3277FB009E6269 /* Resources */,
				21FBA05740D05809566DC722 /* [CP] Embed Pods Frameworks */,
				EBAF1784502AC80F433C8023 /* [CP] Copy Pods Resources */,
			);
			buildRules = (
			);
			dependencies = (
				C2FDA7B11E3277FB009E6269 /* PBXTargetDependency */,
			);
			name = iOSProjectUITests;
			productName = iOSProjectUITests;
			productReference = C2FDA7AF1E3277FB009E6269 /* iOSProjectUITests.xctest */;
			productType = "com.apple.product-type.bundle.ui-testing";
		};
/* End PBXNativeTarget section */

/* Begin PBXProject section */
		C2FDA7881E3277FB009E6269 /* Project object */ = {
			isa = PBXProject;
			attributes = {
				LastSwiftUpdateCheck = 0820;
				LastUpgradeCheck = 0820;
				ORGANIZATIONNAME = SystemStudio;
				TargetAttributes = {
					C2FDA78F1E3277FB009E6269 = {
						CreatedOnToolsVersion = 8.2.1;
						DevelopmentTeam = 8UEBY85QEB;
						ProvisioningStyle = Automatic;
						SystemCapabilities = {
							com.apple.Keychain = {
								enabled = 1;
							};
						};
					};
					C2FDA7A31E3277FB009E6269 = {
						CreatedOnToolsVersion = 8.2.1;
						ProvisioningStyle = Automatic;
						TestTargetID = C2FDA78F1E3277FB009E6269;
					};
					C2FDA7AE1E3277FB009E6269 = {
						CreatedOnToolsVersion = 8.2.1;
						ProvisioningStyle = Automatic;
						TestTargetID = C2FDA78F1E3277FB009E6269;
					};
				};
			};
			buildConfigurationList = C2FDA78B1E3277FB009E6269 /* Build configuration list for PBXProject "iOSProject" */;
			compatibilityVersion = "Xcode 3.2";
			developmentRegion = English;
			hasScannedForEncodings = 0;
			knownRegions = (
				en,
				Base,
			);
			mainGroup = C2FDA7871E3277FB009E6269;
			productRefGroup = C2FDA7911E3277FB009E6269 /* Products */;
			projectDirPath = "";
			projectRoot = "";
			targets = (
				C2FDA78F1E3277FB009E6269 /* iOSProject */,
				C2FDA7A31E3277FB009E6269 /* iOSProjectTests */,
				C2FDA7AE1E3277FB009E6269 /* iOSProjectUITests */,
			);
		};
/* End PBXProject section */

/* Begin PBXResourcesBuildPhase section */
		C2FDA78E1E3277FB009E6269 /* Resources */ = {
			isa = PBXResourcesBuildPhase;
			buildActionMask = 2147483647;
			files = (
				C2FDA79E1E3277FB009E6269 /* LaunchScreen.storyboard in Resources */,
				C2FDA7D91E329150009E6269 /* GoogleService-Info.plist in Resources */,
				C2FDA7D41E328016009E6269 /* Main.storyboard in Resources */,
				C2FDA79B1E3277FB009E6269 /* Assets.xcassets in Resources */,
			);
			runOnlyForDeploymentPostprocessing = 0;
		};
		C2FDA7A21E3277FB009E6269 /* Resources */ = {
			isa = PBXResourcesBuildPhase;
			buildActionMask = 2147483647;
			files = (
			);
			runOnlyForDeploymentPostprocessing = 0;
		};
		C2FDA7AD1E3277FB009E6269 /* Resources */ = {
			isa = PBXResourcesBuildPhase;
			buildActionMask = 2147483647;
			files = (
			);
			runOnlyForDeploymentPostprocessing = 0;
		};
/* End PBXResourcesBuildPhase section */

/* Begin PBXShellScriptBuildPhase section */
		0E4C0B0742A3AAA6E932CFB0 /* [CP] Check Pods Manifest.lock */ = {
			isa = PBXShellScriptBuildPhase;
			buildActionMask = 2147483647;
			files = (
			);
			inputPaths = (
			);
			name = "[CP] Check Pods Manifest.lock";
			outputPaths = (
			);
			runOnlyForDeploymentPostprocessing = 0;
			shellPath = /bin/sh;
			shellScript = "diff \"${PODS_ROOT}/../Podfile.lock\" \"${PODS_ROOT}/Manifest.lock\" > /dev/null\nif [ $? != 0 ] ; then\n    # print error to STDERR\n    echo \"error: The sandbox is not in sync with the Podfile.lock. Run 'pod install' or update your CocoaPods installation.\" >&2\n    exit 1\nfi\n";
			showEnvVarsInLog = 0;
		};
		21FBA05740D05809566DC722 /* [CP] Embed Pods Frameworks */ = {
			isa = PBXShellScriptBuildPhase;
			buildActionMask = 2147483647;
			files = (
			);
			inputPaths = (
			);
			name = "[CP] Embed Pods Frameworks";
			outputPaths = (
			);
			runOnlyForDeploymentPostprocessing = 0;
			shellPath = /bin/sh;
			shellScript = "\"${SRCROOT}/Pods/Target Support Files/Pods-iOSProjectUITests/Pods-iOSProjectUITests-frameworks.sh\"\n";
			showEnvVarsInLog = 0;
		};
		40BAF9F1074301B42A8D8DEF /* [CP] Copy Pods Resources */ = {
			isa = PBXShellScriptBuildPhase;
			buildActionMask = 2147483647;
			files = (
			);
			inputPaths = (
			);
			name = "[CP] Copy Pods Resources";
			outputPaths = (
			);
			runOnlyForDeploymentPostprocessing = 0;
			shellPath = /bin/sh;
			shellScript = "\"${SRCROOT}/Pods/Target Support Files/Pods-iOSProjectTests/Pods-iOSProjectTests-resources.sh\"\n";
			showEnvVarsInLog = 0;
		};
		4650E99B251D1AF4790F6CCC /* [CP] Embed Pods Frameworks */ = {
			isa = PBXShellScriptBuildPhase;
			buildActionMask = 2147483647;
			files = (
			);
			inputPaths = (
			);
			name = "[CP] Embed Pods Frameworks";
			outputPaths = (
			);
			runOnlyForDeploymentPostprocessing = 0;
			shellPath = /bin/sh;
			shellScript = "\"${SRCROOT}/Pods/Target Support Files/Pods-iOSProject/Pods-iOSProject-frameworks.sh\"\n";
			showEnvVarsInLog = 0;
		};
		8170FD51C169C0888DFFCDEE /* [CP] Embed Pods Frameworks */ = {
			isa = PBXShellScriptBuildPhase;
			buildActionMask = 2147483647;
			files = (
			);
			inputPaths = (
			);
			name = "[CP] Embed Pods Frameworks";
			outputPaths = (
			);
			runOnlyForDeploymentPostprocessing = 0;
			shellPath = /bin/sh;
			shellScript = "\"${SRCROOT}/Pods/Target Support Files/Pods-iOSProjectTests/Pods-iOSProjectTests-frameworks.sh\"\n";
			showEnvVarsInLog = 0;
		};
		B64BA8533009240ED01F2A58 /* [CP] Check Pods Manifest.lock */ = {
			isa = PBXShellScriptBuildPhase;
			buildActionMask = 2147483647;
			files = (
			);
			inputPaths = (
			);
			name = "[CP] Check Pods Manifest.lock";
			outputPaths = (
			);
			runOnlyForDeploymentPostprocessing = 0;
			shellPath = /bin/sh;
			shellScript = "diff \"${PODS_ROOT}/../Podfile.lock\" \"${PODS_ROOT}/Manifest.lock\" > /dev/null\nif [ $? != 0 ] ; then\n    # print error to STDERR\n    echo \"error: The sandbox is not in sync with the Podfile.lock. Run 'pod install' or update your CocoaPods installation.\" >&2\n    exit 1\nfi\n";
			showEnvVarsInLog = 0;
		};
		CFFEBF58FD290F96539B5B9A /* [CP] Copy Pods Resources */ = {
			isa = PBXShellScriptBuildPhase;
			buildActionMask = 2147483647;
			files = (
			);
			inputPaths = (
			);
			name = "[CP] Copy Pods Resources";
			outputPaths = (
			);
			runOnlyForDeploymentPostprocessing = 0;
			shellPath = /bin/sh;
			shellScript = "\"${SRCROOT}/Pods/Target Support Files/Pods-iOSProject/Pods-iOSProject-resources.sh\"\n";
			showEnvVarsInLog = 0;
		};
		D9EA6848EE2D166FDA133E55 /* [CP] Check Pods Manifest.lock */ = {
			isa = PBXShellScriptBuildPhase;
			buildActionMask = 2147483647;
			files = (
			);
			inputPaths = (
			);
			name = "[CP] Check Pods Manifest.lock";
			outputPaths = (
			);
			runOnlyForDeploymentPostprocessing = 0;
			shellPath = /bin/sh;
			shellScript = "diff \"${PODS_ROOT}/../Podfile.lock\" \"${PODS_ROOT}/Manifest.lock\" > /dev/null\nif [ $? != 0 ] ; then\n    # print error to STDERR\n    echo \"error: The sandbox is not in sync with the Podfile.lock. Run 'pod install' or update your CocoaPods installation.\" >&2\n    exit 1\nfi\n";
			showEnvVarsInLog = 0;
		};
		EBAF1784502AC80F433C8023 /* [CP] Copy Pods Resources */ = {
			isa = PBXShellScriptBuildPhase;
			buildActionMask = 2147483647;
			files = (
			);
			inputPaths = (
			);
			name = "[CP] Copy Pods Resources";
			outputPaths = (
			);
			runOnlyForDeploymentPostprocessing = 0;
			shellPath = /bin/sh;
			shellScript = "\"${SRCROOT}/Pods/Target Support Files/Pods-iOSProjectUITests/Pods-iOSProjectUITests-resources.sh\"\n";
			showEnvVarsInLog = 0;
		};
/* End PBXShellScriptBuildPhase section */

/* Begin PBXSourcesBuildPhase section */
		C2FDA78C1E3277FB009E6269 /* Sources */ = {
			isa = PBXSourcesBuildPhase;
			buildActionMask = 2147483647;
			files = (
				C2FDA7CB1E327E1E009E6269 /* User.swift in Sources */,
				C2FDA7C91E327E11009E6269 /* Item.swift in Sources */,
				C2FDA7CF1E327E6B009E6269 /* ListTableViewController.swift in Sources */,
				C2FDA7CD1E327E53009E6269 /* LoginViewController.swift in Sources */,
				C2FDA7D11E327E7F009E6269 /* UsersTableViewController.swift in Sources */,
				C2FDA7941E3277FB009E6269 /* AppDelegate.swift in Sources */,
			);
			runOnlyForDeploymentPostprocessing = 0;
		};
		C2FDA7A01E3277FB009E6269 /* Sources */ = {
			isa = PBXSourcesBuildPhase;
			buildActionMask = 2147483647;
			files = (
			);
			runOnlyForDeploymentPostprocessing = 0;
		};
		C2FDA7AB1E3277FB009E6269 /* Sources */ = {
			isa = PBXSourcesBuildPhase;
			buildActionMask = 2147483647;
			files = (
			);
			runOnlyForDeploymentPostprocessing = 0;
		};
/* End PBXSourcesBuildPhase section */

/* Begin PBXTargetDependency section */
		C2FDA7A61E3277FB009E6269 /* PBXTargetDependency */ = {
			isa = PBXTargetDependency;
			target = C2FDA78F1E3277FB009E6269 /* iOSProject */;
			targetProxy = C2FDA7A51E3277FB009E6269 /* PBXContainerItemProxy */;
		};
		C2FDA7B11E3277FB009E6269 /* PBXTargetDependency */ = {
			isa = PBXTargetDependency;
			target = C2FDA78F1E3277FB009E6269 /* iOSProject */;
			targetProxy = C2FDA7B01E3277FB009E6269 /* PBXContainerItemProxy */;
		};
/* End PBXTargetDependency section */

/* Begin PBXVariantGroup section */
		C2FDA79C1E3277FB009E6269 /* LaunchScreen.storyboard */ = {
			isa = PBXVariantGroup;
			children = (
				C2FDA79D1E3277FB009E6269 /* Base */,
			);
			name = LaunchScreen.storyboard;
			sourceTree = "<group>";
		};
		C2FDA7D61E328016009E6269 /* Main.storyboard */ = {
			isa = PBXVariantGroup;
			children = (
				C2FDA7D51E328016009E6269 /* Base */,
			);
			name = Main.storyboard;
			sourceTree = "<group>";
		};
/* End PBXVariantGroup section */

/* Begin XCBuildConfiguration section */
		C2FDA7B61E3277FB009E6269 /* Debug */ = {
			isa = XCBuildConfiguration;
			buildSettings = {
				ALWAYS_SEARCH_USER_PATHS = NO;
				CLANG_ANALYZER_NONNULL = YES;
				CLANG_CXX_LANGUAGE_STANDARD = "gnu++0x";
				CLANG_CXX_LIBRARY = "libc++";
				CLANG_ENABLE_MODULES = YES;
				CLANG_ENABLE_OBJC_ARC = YES;
				CLANG_WARN_BOOL_CONVERSION = YES;
				CLANG_WARN_CONSTANT_CONVERSION = YES;
				CLANG_WARN_DIRECT_OBJC_ISA_USAGE = YES_ERROR;
				CLANG_WARN_DOCUMENTATION_COMMENTS = YES;
				CLANG_WARN_EMPTY_BODY = YES;
				CLANG_WARN_ENUM_CONVERSION = YES;
				CLANG_WARN_INFINITE_RECURSION = YES;
				CLANG_WARN_INT_CONVERSION = YES;
				CLANG_WARN_OBJC_ROOT_CLASS = YES_ERROR;
				CLANG_WARN_SUSPICIOUS_MOVE = YES;
				CLANG_WARN_UNREACHABLE_CODE = YES;
				CLANG_WARN__DUPLICATE_METHOD_MATCH = YES;
				"CODE_SIGN_IDENTITY[sdk=iphoneos*]" = "iPhone Developer";
				COPY_PHASE_STRIP = NO;
				DEBUG_INFORMATION_FORMAT = dwarf;
				ENABLE_STRICT_OBJC_MSGSEND = YES;
				ENABLE_TESTABILITY = YES;
				GCC_C_LANGUAGE_STANDARD = gnu99;
				GCC_DYNAMIC_NO_PIC = NO;
				GCC_NO_COMMON_BLOCKS = YES;
				GCC_OPTIMIZATION_LEVEL = 0;
				GCC_PREPROCESSOR_DEFINITIONS = (
					"DEBUG=1",
					"$(inherited)",
				);
				GCC_WARN_64_TO_32_BIT_CONVERSION = YES;
				GCC_WARN_ABOUT_RETURN_TYPE = YES_ERROR;
				GCC_WARN_UNDECLARED_SELECTOR = YES;
				GCC_WARN_UNINITIALIZED_AUTOS = YES_AGGRESSIVE;
				GCC_WARN_UNUSED_FUNCTION = YES;
				GCC_WARN_UNUSED_VARIABLE = YES;
				IPHONEOS_DEPLOYMENT_TARGET = 10.2;
				MTL_ENABLE_DEBUG_INFO = YES;
				ONLY_ACTIVE_ARCH = YES;
				SDKROOT = iphoneos;
				SWIFT_ACTIVE_COMPILATION_CONDITIONS = DEBUG;
				SWIFT_OPTIMIZATION_LEVEL = "-Onone";
			};
			name = Debug;
		};
		C2FDA7B71E3277FB009E6269 /* Release */ = {
			isa = XCBuildConfiguration;
			buildSettings = {
				ALWAYS_SEARCH_USER_PATHS = NO;
				CLANG_ANALYZER_NONNULL = YES;
				CLANG_CXX_LANGUAGE_STANDARD = "gnu++0x";
				CLANG_CXX_LIBRARY = "libc++";
				CLANG_ENABLE_MODULES = YES;
				CLANG_ENABLE_OBJC_ARC = YES;
				CLANG_WARN_BOOL_CONVERSION = YES;
				CLANG_WARN_CONSTANT_CONVERSION = YES;
				CLANG_WARN_DIRECT_OBJC_ISA_USAGE = YES_ERROR;
				CLANG_WARN_DOCUMENTATION_COMMENTS = YES;
				CLANG_WARN_EMPTY_BODY = YES;
				CLANG_WARN_ENUM_CONVERSION = YES;
				CLANG_WARN_INFINITE_RECURSION = YES;
				CLANG_WARN_INT_CONVERSION = YES;
				CLANG_WARN_OBJC_ROOT_CLASS = YES_ERROR;
				CLANG_WARN_SUSPICIOUS_MOVE = YES;
				CLANG_WARN_UNREACHABLE_CODE = YES;
				CLANG_WARN__DUPLICATE_METHOD_MATCH = YES;
				"CODE_SIGN_IDENTITY[sdk=iphoneos*]" = "iPhone Developer";
				COPY_PHASE_STRIP = NO;
				DEBUG_INFORMATION_FORMAT = "dwarf-with-dsym";
				ENABLE_NS_ASSERTIONS = NO;
				ENABLE_STRICT_OBJC_MSGSEND = YES;
				GCC_C_LANGUAGE_STANDARD = gnu99;
				GCC_NO_COMMON_BLOCKS = YES;
				GCC_WARN_64_TO_32_BIT_CONVERSION = YES;
				GCC_WARN_ABOUT_RETURN_TYPE = YES_ERROR;
				GCC_WARN_UNDECLARED_SELECTOR = YES;
				GCC_WARN_UNINITIALIZED_AUTOS = YES_AGGRESSIVE;
				GCC_WARN_UNUSED_FUNCTION = YES;
				GCC_WARN_UNUSED_VARIABLE = YES;
				IPHONEOS_DEPLOYMENT_TARGET = 10.2;
				MTL_ENABLE_DEBUG_INFO = NO;
				SDKROOT = iphoneos;
				SWIFT_OPTIMIZATION_LEVEL = "-Owholemodule";
				VALIDATE_PRODUCT = YES;
			};
			name = Release;
		};
		C2FDA7B91E3277FB009E6269 /* Debug */ = {
			isa = XCBuildConfiguration;
			baseConfigurationReference = AB857439BB6083AA29AC839A /* Pods-iOSProject.debug.xcconfig */;
			buildSettings = {
				ASSETCATALOG_COMPILER_APPICON_NAME = AppIcon;
				CODE_SIGN_ENTITLEMENTS = iOSProject/iOSProject.entitlements;
				DEVELOPMENT_TEAM = 8UEBY85QEB;
				INFOPLIST_FILE = iOSProject/Info.plist;
				LD_RUNPATH_SEARCH_PATHS = "$(inherited) @executable_path/Frameworks";
				PRODUCT_BUNDLE_IDENTIFIER = co.n1ck0.iOSProject;
				PRODUCT_NAME = "$(TARGET_NAME)";
				SWIFT_VERSION = 3.0;
			};
			name = Debug;
		};
		C2FDA7BA1E3277FB009E6269 /* Release */ = {
			isa = XCBuildConfiguration;
			baseConfigurationReference = 2E3CD7A63418D40A11D31F7E /* Pods-iOSProject.release.xcconfig */;
			buildSettings = {
				ASSETCATALOG_COMPILER_APPICON_NAME = AppIcon;
				CODE_SIGN_ENTITLEMENTS = iOSProject/iOSProject.entitlements;
				DEVELOPMENT_TEAM = 8UEBY85QEB;
				INFOPLIST_FILE = iOSProject/Info.plist;
				LD_RUNPATH_SEARCH_PATHS = "$(inherited) @executable_path/Frameworks";
				PRODUCT_BUNDLE_IDENTIFIER = co.n1ck0.iOSProject;
				PRODUCT_NAME = "$(TARGET_NAME)";
				SWIFT_VERSION = 3.0;
			};
			name = Release;
		};
		C2FDA7BC1E3277FB009E6269 /* Debug */ = {
			isa = XCBuildConfiguration;
			baseConfigurationReference = 22FA6D3726BFB401556009F3 /* Pods-iOSProjectTests.debug.xcconfig */;
			buildSettings = {
				ALWAYS_EMBED_SWIFT_STANDARD_LIBRARIES = YES;
				BUNDLE_LOADER = "$(TEST_HOST)";
				INFOPLIST_FILE = iOSProjectTests/Info.plist;
				LD_RUNPATH_SEARCH_PATHS = "$(inherited) @executable_path/Frameworks @loader_path/Frameworks";
				PRODUCT_BUNDLE_IDENTIFIER = com.SystemStudio.iOSProjectTests;
				PRODUCT_NAME = "$(TARGET_NAME)";
				SWIFT_VERSION = 3.0;
				TEST_HOST = "$(BUILT_PRODUCTS_DIR)/iOSProject.app/iOSProject";
			};
			name = Debug;
		};
		C2FDA7BD1E3277FB009E6269 /* Release */ = {
			isa = XCBuildConfiguration;
			baseConfigurationReference = CB838FAD947D466EFD8DB30D /* Pods-iOSProjectTests.release.xcconfig */;
			buildSettings = {
				ALWAYS_EMBED_SWIFT_STANDARD_LIBRARIES = YES;
				BUNDLE_LOADER = "$(TEST_HOST)";
				INFOPLIST_FILE = iOSProjectTests/Info.plist;
				LD_RUNPATH_SEARCH_PATHS = "$(inherited) @executable_path/Frameworks @loader_path/Frameworks";
				PRODUCT_BUNDLE_IDENTIFIER = com.SystemStudio.iOSProjectTests;
				PRODUCT_NAME = "$(TARGET_NAME)";
				SWIFT_VERSION = 3.0;
				TEST_HOST = "$(BUILT_PRODUCTS_DIR)/iOSProject.app/iOSProject";
			};
			name = Release;
		};
		C2FDA7BF1E3277FB009E6269 /* Debug */ = {
			isa = XCBuildConfiguration;
			baseConfigurationReference = C244543BBB74B5C4ACC68241 /* Pods-iOSProjectUITests.debug.xcconfig */;
			buildSettings = {
				ALWAYS_EMBED_SWIFT_STANDARD_LIBRARIES = YES;
				INFOPLIST_FILE = iOSProjectUITests/Info.plist;
				LD_RUNPATH_SEARCH_PATHS = "$(inherited) @executable_path/Frameworks @loader_path/Frameworks";
				PRODUCT_BUNDLE_IDENTIFIER = com.SystemStudio.iOSProjectUITests;
				PRODUCT_NAME = "$(TARGET_NAME)";
				SWIFT_VERSION = 3.0;
				TEST_TARGET_NAME = iOSProject;
			};
			name = Debug;
		};
		C2FDA7C01E3277FB009E6269 /* Release */ = {
			isa = XCBuildConfiguration;
			baseConfigurationReference = AFBDA21576F48D32F82E259C /* Pods-iOSProjectUITests.release.xcconfig */;
			buildSettings = {
				ALWAYS_EMBED_SWIFT_STANDARD_LIBRARIES = YES;
				INFOPLIST_FILE = iOSProjectUITests/Info.plist;
				LD_RUNPATH_SEARCH_PATHS = "$(inherited) @executable_path/Frameworks @loader_path/Frameworks";
				PRODUCT_BUNDLE_IDENTIFIER = com.SystemStudio.iOSProjectUITests;
				PRODUCT_NAME = "$(TARGET_NAME)";
				SWIFT_VERSION = 3.0;
				TEST_TARGET_NAME = iOSProject;
			};
			name = Release;
		};
/* End XCBuildConfiguration section */

/* Begin XCConfigurationList section */
		C2FDA78B1E3277FB009E6269 /* Build configuration list for PBXProject "iOSProject" */ = {
			isa = XCConfigurationList;
			buildConfigurations = (
				C2FDA7B61E3277FB009E6269 /* Debug */,
				C2FDA7B71E3277FB009E6269 /* Release */,
			);
			defaultConfigurationIsVisible = 0;
			defaultConfigurationName = Release;
		};
		C2FDA7B81E3277FB009E6269 /* Build configuration list for PBXNativeTarget "iOSProject" */ = {
			isa = XCConfigurationList;
			buildConfigurations = (
				C2FDA7B91E3277FB009E6269 /* Debug */,
				C2FDA7BA1E3277FB009E6269 /* Release */,
			);
			defaultConfigurationIsVisible = 0;
			defaultConfigurationName = Release;
		};
		C2FDA7BB1E3277FB009E6269 /* Build configuration list for PBXNativeTarget "iOSProjectTests" */ = {
			isa = XCConfigurationList;
			buildConfigurations = (
				C2FDA7BC1E3277FB009E6269 /* Debug */,
				C2FDA7BD1E3277FB009E6269 /* Release */,
			);
			defaultConfigurationIsVisible = 0;
			defaultConfigurationName = Release;
		};
		C2FDA7BE1E3277FB009E6269 /* Build configuration list for PBXNativeTarget "iOSProjectUITests" */ = {
			isa = XCConfigurationList;
			buildConfigurations = (
				C2FDA7BF1E3277FB009E6269 /* Debug */,
				C2FDA7C01E3277FB009E6269 /* Release */,
			);
			defaultConfigurationIsVisible = 0;
			defaultConfigurationName = Release;
		};
/* End XCConfigurationList section */
	};
	rootObject = C2FDA7881E3277FB009E6269 /* Project object */;
}
